
Microsoft Visual Studio Solution File, Format Version 12.00
# Visual Studio Version 16
VisualStudioVersion = 16.0.30413.136
MinimumVisualStudioVersion = 10.0.40219.1
Project("{888888A0-9F3D-457C-B088-3A5042F75D52}") = "kvadraturav", "kvadraturav\kvadraturav.pyproj", "{0C822B25-39C2-463D-9BEE-0668AEE753F6}"
EndProject
Global
	GlobalSection(SolutionConfigurationPlatforms) = preSolution
		Debug|Any CPU = Debug|Any CPU
		Release|Any CPU = Release|Any CPU
	EndGlobalSection
	GlobalSection(ProjectConfigurationPlatforms) = postSolution
		{0C822B25-39C2-463D-9BEE-0668AEE753F6}.Debug|Any CPU.ActiveCfg = Debug|Any CPU
		{0C822B25-39C2-463D-9BEE-0668AEE753F6}.Release|Any CPU.ActiveCfg = Release|Any CPU
	EndGlobalSection
	GlobalSection(SolutionProperties) = preSolution
		HideSolutionNode = FALSE
	EndGlobalSection
	GlobalSection(ExtensibilityGlobals) = postSolution
		SolutionGuid = {5712D187-590B-4453-8AB5-A6B973269315}
	EndGlobalSection
EndGlobal
